
Microsoft Visual Studio Solution File, Format Version 12.00
# Visual Studio Version 17
VisualStudioVersion = 17.5.33502.453
MinimumVisualStudioVersion = 10.0.40219.1
Project("{FAE04EC0-301F-11D3-BF4B-00C04F79EFBC}") = "KolkoPutiSeESreshtnaloDadenoChislo", "KolkoPutiSeESreshtnaloDadenoChislo\KolkoPutiSeESreshtnaloDadenoChislo.csproj", "{7B273516-020C-43BB-B9CB-94CE07AF478A}"
EndProject
Global
	GlobalSection(SolutionConfigurationPlatforms) = preSolution
		Debug|Any CPU = Debug|Any CPU
		Release|Any CPU = Release|Any CPU
	EndGlobalSection
	GlobalSection(ProjectConfigurationPlatforms) = postSolution
		{7B273516-020C-43BB-B9CB-94CE07AF478A}.Debug|Any CPU.ActiveCfg = Debug|Any CPU
		{7B273516-020C-43BB-B9CB-94CE07AF478A}.Debug|Any CPU.Build.0 = Debug|Any CPU
		{7B273516-020C-43BB-B9CB-94CE07AF478A}.Release|Any CPU.ActiveCfg = Release|Any CPU
		{7B273516-020C-43BB-B9CB-94CE07AF478A}.Release|Any CPU.Build.0 = Release|Any CPU
	EndGlobalSection
	GlobalSection(SolutionProperties) = preSolution
		HideSolutionNode = FALSE
	EndGlobalSection
	GlobalSection(ExtensibilityGlobals) = postSolution
		SolutionGuid = {3FF2340B-6A88-48AC-B028-3BEB801AFCAD}
	EndGlobalSection
EndGlobal
